{
  "version": 4,
  "terraform_version": "1.2.4",
  "serial": 5,
  "lineage": "40665bae-cc6e-77ea-b04e-46ed70bd7567",
  "outputs": {
    "external_ip_address_node01_yandex_cloud": {
      "value": "51.250.8.165",
      "type": "string"
    },
    "internal_ip_address_node01_yandex_cloud": {
      "value": "192.168.101.18",
      "type": "string"
    }
  },
  "resources": [
    {
      "mode": "managed",
      "type": "yandex_compute_instance",
      "name": "node01",
      "provider": "provider[\"registry.terraform.io/yandex-cloud/yandex\"]",
      "instances": [
        {
          "schema_version": 1,
          "attributes": {
            "allow_recreate": null,
            "allow_stopping_for_update": true,
            "boot_disk": [
              {
                "auto_delete": true,
                "device_name": "fhmg3kb6pjn27048fcdn",
                "disk_id": "fhmg3kb6pjn27048fcdn",
                "initialize_params": [
                  {
                    "block_size": 4096,
                    "description": "",
                    "image_id": "fd8u7ao63oq0gek960ue",
                    "name": "root-node01",
                    "size": 50,
                    "snapshot_id": "",
                    "type": "network-ssd"
                  }
                ],
                "mode": "READ_WRITE"
              }
            ],
            "created_at": "2022-07-03T21:02:34Z",
            "description": "",
            "folder_id": "b1g62c4ktk6acafamug7",
            "fqdn": "node01.netology.cloud",
            "hostname": "node01",
            "id": "fhmo80pmfbsvbq6r9bg3",
            "labels": null,
            "local_disk": [],
            "metadata": {
              "ssh-keys": "centos:ssh-rsa AAAAB3NzaC1yc2EAAAADAQABAAABAQDqkQW1senleQAhIgBZ12O7uPMdPh8y9ZC9PsFusMG+QFRTgBTh6aAJyW64Zm8exW0V1LpWBYWabuxcGELrFcdYXKksVgOcHRJjaabq3zvTPPlZuCtSwh98E5/ZratdKhyrMxa3K8g7vJGBLNA9vDsnQOjqGBdzx7H/Li9m2XyBhC/IzY0Zr3ltVNmr2Nc0EYn8zfdKZhzyvEyf85PLg31ue4oVhoLdmKeswy3e7tvSJN/FG0Z0Nhtu15hiAZdfLF5+WOwcohsMeGqUbkNy05+h8UERSerjvqwLR6ukbIDdiZRqjrBJRIUyws5gP2+6UpgrE1/6ZNCYoAOs5dyu/IAz asexsela@gmail.com\n"
            },
            "name": "node01",
            "network_acceleration_type": "standard",
            "network_interface": [
              {
                "dns_record": [],
                "index": 0,
                "ip_address": "192.168.101.18",
                "ipv4": true,
                "ipv6": false,
                "ipv6_address": "",
                "ipv6_dns_record": [],
                "mac_address": "d0:0d:18:40:33:67",
                "nat": true,
                "nat_dns_record": [],
                "nat_ip_address": "51.250.8.165",
                "nat_ip_version": "IPV4",
                "security_group_ids": [],
                "subnet_id": "e9bp0lbha4tce35l62lh"
              }
            ],
            "placement_policy": [
              {
                "host_affinity_rules": [],
                "placement_group_id": ""
              }
            ],
            "platform_id": "standard-v1",
            "resources": [
              {
                "core_fraction": 100,
                "cores": 8,
                "gpus": 0,
                "memory": 8
              }
            ],
            "scheduling_policy": [
              {
                "preemptible": false
              }
            ],
            "secondary_disk": [],
            "service_account_id": "",
            "status": "running",
            "timeouts": null,
            "zone": "ru-central1-a"
          },
          "sensitive_attributes": [],
          "private": "eyJlMmJmYjczMC1lY2FhLTExZTYtOGY4OC0zNDM2M2JjN2M0YzAiOnsiY3JlYXRlIjozMDAwMDAwMDAwMDAsImRlbGV0ZSI6MzAwMDAwMDAwMDAwLCJ1cGRhdGUiOjMwMDAwMDAwMDAwMH0sInNjaGVtYV92ZXJzaW9uIjoiMSJ9",
          "dependencies": [
            "yandex_vpc_network.default",
            "yandex_vpc_subnet.default"
          ]
        }
      ]
    },
    {
      "mode": "managed",
      "type": "yandex_vpc_network",
      "name": "default",
      "provider": "provider[\"registry.terraform.io/yandex-cloud/yandex\"]",
      "instances": [
        {
          "schema_version": 0,
          "attributes": {
            "created_at": "2022-07-03T21:02:32Z",
            "default_security_group_id": "",
            "description": "",
            "folder_id": "b1g62c4ktk6acafamug7",
            "id": "enp5a4ngsa04smpsg5lf",
            "labels": {},
            "name": "net",
            "subnet_ids": [],
            "timeouts": null
          },
          "sensitive_attributes": [],
          "private": "eyJlMmJmYjczMC1lY2FhLTExZTYtOGY4OC0zNDM2M2JjN2M0YzAiOnsiY3JlYXRlIjo2MDAwMDAwMDAwMCwiZGVsZXRlIjo2MDAwMDAwMDAwMCwidXBkYXRlIjo2MDAwMDAwMDAwMH19"
        }
      ]
    },
    {
      "mode": "managed",
      "type": "yandex_vpc_subnet",
      "name": "default",
      "provider": "provider[\"registry.terraform.io/yandex-cloud/yandex\"]",
      "instances": [
        {
          "schema_version": 0,
          "attributes": {
            "created_at": "2022-07-03T21:02:33Z",
            "description": "",
            "dhcp_options": [],
            "folder_id": "b1g62c4ktk6acafamug7",
            "id": "e9bp0lbha4tce35l62lh",
            "labels": {},
            "name": "subnet",
            "network_id": "enp5a4ngsa04smpsg5lf",
            "route_table_id": "",
            "timeouts": null,
            "v4_cidr_blocks": [
              "192.168.101.0/24"
            ],
            "v6_cidr_blocks": [],
            "zone": "ru-central1-a"
          },
          "sensitive_attributes": [],
          "private": "eyJlMmJmYjczMC1lY2FhLTExZTYtOGY4OC0zNDM2M2JjN2M0YzAiOnsiY3JlYXRlIjoxODAwMDAwMDAwMDAsImRlbGV0ZSI6MTgwMDAwMDAwMDAwLCJ1cGRhdGUiOjE4MDAwMDAwMDAwMH19",
          "dependencies": [
            "yandex_vpc_network.default"
          ]
        }
      ]
    }
  ]
}
