{
  "version": 4,
  "terraform_version": "1.2.5",
  "serial": 14,
  "lineage": "b8e54dfb-d854-fa8b-4942-9724cbc64559",
  "outputs": {
    "external_ip_address_node01": {
      "value": "62.84.127.148",
      "type": "string"
    },
    "external_ip_address_node02": {
      "value": "62.84.126.17",
      "type": "string"
    },
    "external_ip_address_node03": {
      "value": "62.84.113.111",
      "type": "string"
    },
    "external_ip_address_node04": {
      "value": "62.84.126.223",
      "type": "string"
    },
    "external_ip_address_node05": {
      "value": "62.84.127.109",
      "type": "string"
    },
    "external_ip_address_node06": {
      "value": "51.250.93.203",
      "type": "string"
    },
    "internal_ip_address_node01": {
      "value": "192.168.101.11",
      "type": "string"
    },
    "internal_ip_address_node02": {
      "value": "192.168.101.12",
      "type": "string"
    },
    "internal_ip_address_node03": {
      "value": "192.168.101.13",
      "type": "string"
    },
    "internal_ip_address_node04": {
      "value": "192.168.101.14",
      "type": "string"
    },
    "internal_ip_address_node05": {
      "value": "192.168.101.15",
      "type": "string"
    },
    "internal_ip_address_node06": {
      "value": "192.168.101.16",
      "type": "string"
    }
  },
  "resources": [
    {
      "mode": "managed",
      "type": "local_file",
      "name": "inventory",
      "provider": "provider[\"registry.terraform.io/hashicorp/local\"]",
      "instances": [
        {
          "schema_version": 0,
          "attributes": {
            "content": "# Ansible inventory containing variable values from Terraform.\n# Generated by Terraform.\n\n[nodes:children]\nmanagers\nworkers\n\n[managers:children]\nactive\nstandby\n\n[active]\nnode01.netology.yc ansible_host=62.84.127.148\n\n[standby]\nnode02.netology.yc ansible_host=62.84.126.17\nnode03.netology.yc ansible_host=62.84.113.111\n\n[workers]\nnode04.netology.yc ansible_host=62.84.126.223\nnode05.netology.yc ansible_host=62.84.127.109\nnode06.netology.yc ansible_host=51.250.93.203\n",
            "content_base64": null,
            "directory_permission": "0777",
            "file_permission": "0777",
            "filename": "../ansible/inventory",
            "id": "0dd24cab3346543c5354c02e0793ee969b894bed",
            "sensitive_content": null,
            "source": null
          },
          "sensitive_attributes": [],
          "private": "bnVsbA==",
          "dependencies": [
            "yandex_compute_instance.node01",
            "yandex_compute_instance.node02",
            "yandex_compute_instance.node03",
            "yandex_compute_instance.node04",
            "yandex_compute_instance.node05",
            "yandex_compute_instance.node06",
            "yandex_vpc_network.default",
            "yandex_vpc_subnet.default"
          ]
        }
      ]
    },
    {
      "mode": "managed",
      "type": "null_resource",
      "name": "cluster",
      "provider": "provider[\"registry.terraform.io/hashicorp/null\"]",
      "instances": [
        {
          "schema_version": 0,
          "attributes": {
            "id": "3902712250941139801",
            "triggers": null
          },
          "sensitive_attributes": [],
          "private": "bnVsbA==",
          "dependencies": [
            "local_file.inventory",
            "null_resource.wait",
            "yandex_compute_instance.node01",
            "yandex_compute_instance.node02",
            "yandex_compute_instance.node03",
            "yandex_compute_instance.node04",
            "yandex_compute_instance.node05",
            "yandex_compute_instance.node06",
            "yandex_vpc_network.default",
            "yandex_vpc_subnet.default"
          ]
        }
      ]
    },
    {
      "mode": "managed",
      "type": "null_resource",
      "name": "monitoring",
      "provider": "provider[\"registry.terraform.io/hashicorp/null\"]",
      "instances": [
        {
          "schema_version": 0,
          "attributes": {
            "id": "10105187625966737",
            "triggers": null
          },
          "sensitive_attributes": [],
          "private": "bnVsbA==",
          "dependencies": [
            "local_file.inventory",
            "null_resource.cluster",
            "null_resource.sync",
            "null_resource.wait",
            "yandex_compute_instance.node01",
            "yandex_compute_instance.node02",
            "yandex_compute_instance.node03",
            "yandex_compute_instance.node04",
            "yandex_compute_instance.node05",
            "yandex_compute_instance.node06",
            "yandex_vpc_network.default",
            "yandex_vpc_subnet.default"
          ]
        }
      ]
    },
    {
      "mode": "managed",
      "type": "null_resource",
      "name": "sync",
      "provider": "provider[\"registry.terraform.io/hashicorp/null\"]",
      "instances": [
        {
          "schema_version": 0,
          "attributes": {
            "id": "5660028281333623969",
            "triggers": null
          },
          "sensitive_attributes": [],
          "private": "bnVsbA==",
          "dependencies": [
            "local_file.inventory",
            "null_resource.cluster",
            "null_resource.wait",
            "yandex_compute_instance.node01",
            "yandex_compute_instance.node02",
            "yandex_compute_instance.node03",
            "yandex_compute_instance.node04",
            "yandex_compute_instance.node05",
            "yandex_compute_instance.node06",
            "yandex_vpc_network.default",
            "yandex_vpc_subnet.default"
          ]
        }
      ]
    },
    {
      "mode": "managed",
      "type": "null_resource",
      "name": "wait",
      "provider": "provider[\"registry.terraform.io/hashicorp/null\"]",
      "instances": [
        {
          "schema_version": 0,
          "attributes": {
            "id": "1000601722001972851",
            "triggers": null
          },
          "sensitive_attributes": [],
          "private": "bnVsbA==",
          "dependencies": [
            "local_file.inventory",
            "yandex_compute_instance.node01",
            "yandex_compute_instance.node02",
            "yandex_compute_instance.node03",
            "yandex_compute_instance.node04",
            "yandex_compute_instance.node05",
            "yandex_compute_instance.node06",
            "yandex_vpc_network.default",
            "yandex_vpc_subnet.default"
          ]
        }
      ]
    },
    {
      "mode": "managed",
      "type": "yandex_compute_instance",
      "name": "node01",
      "provider": "provider[\"registry.terraform.io/yandex-cloud/yandex\"]",
      "instances": [
        {
          "schema_version": 1,
          "attributes": {
            "allow_recreate": null,
            "allow_stopping_for_update": true,
            "boot_disk": [
              {
                "auto_delete": true,
                "device_name": "fhm2n0ef27tv7npklupf",
                "disk_id": "fhm2n0ef27tv7npklupf",
                "initialize_params": [
                  {
                    "block_size": 4096,
                    "description": "",
                    "image_id": "fd83i289pb7qhj4ti37u",
                    "name": "root-node01",
                    "size": 10,
                    "snapshot_id": "",
                    "type": "network-ssd"
                  }
                ],
                "mode": "READ_WRITE"
              }
            ],
            "created_at": "2022-07-18T20:00:47Z",
            "description": "",
            "folder_id": "b1g62c4ktk6acafamug7",
            "fqdn": "node01.netology.yc",
            "hostname": "node01",
            "id": "fhmjcumsg8u6ggvn00ob",
            "labels": null,
            "local_disk": [],
            "metadata": {
              "ssh-keys": "centos:ssh-rsa AAAAB3NzaC1yc2EAAAADAQABAAABAQDqkQW1senleQAhIgBZ12O7uPMdPh8y9ZC9PsFusMG+QFRTgBTh6aAJyW64Zm8exW0V1LpWBYWabuxcGELrFcdYXKksVgOcHRJjaabq3zvTPPlZuCtSwh98E5/ZratdKhyrMxa3K8g7vJGBLNA9vDsnQOjqGBdzx7H/Li9m2XyBhC/IzY0Zr3ltVNmr2Nc0EYn8zfdKZhzyvEyf85PLg31ue4oVhoLdmKeswy3e7tvSJN/FG0Z0Nhtu15hiAZdfLF5+WOwcohsMeGqUbkNy05+h8UERSerjvqwLR6ukbIDdiZRqjrBJRIUyws5gP2+6UpgrE1/6ZNCYoAOs5dyu/IAz asexsela@gmail.com\n"
            },
            "name": "node01",
            "network_acceleration_type": "standard",
            "network_interface": [
              {
                "dns_record": [],
                "index": 0,
                "ip_address": "192.168.101.11",
                "ipv4": true,
                "ipv6": false,
                "ipv6_address": "",
                "ipv6_dns_record": [],
                "mac_address": "d0:0d:13:67:ad:c8",
                "nat": true,
                "nat_dns_record": [],
                "nat_ip_address": "62.84.127.148",
                "nat_ip_version": "IPV4",
                "security_group_ids": [],
                "subnet_id": "e9bmnrm79shi3vpfm02k"
              }
            ],
            "placement_policy": [
              {
                "host_affinity_rules": [],
                "placement_group_id": ""
              }
            ],
            "platform_id": "standard-v1",
            "resources": [
              {
                "core_fraction": 100,
                "cores": 4,
                "gpus": 0,
                "memory": 8
              }
            ],
            "scheduling_policy": [
              {
                "preemptible": false
              }
            ],
            "secondary_disk": [],
            "service_account_id": "",
            "status": "running",
            "timeouts": null,
            "zone": "ru-central1-a"
          },
          "sensitive_attributes": [],
          "private": "eyJlMmJmYjczMC1lY2FhLTExZTYtOGY4OC0zNDM2M2JjN2M0YzAiOnsiY3JlYXRlIjozMDAwMDAwMDAwMDAsImRlbGV0ZSI6MzAwMDAwMDAwMDAwLCJ1cGRhdGUiOjMwMDAwMDAwMDAwMH0sInNjaGVtYV92ZXJzaW9uIjoiMSJ9",
          "dependencies": [
            "yandex_vpc_network.default",
            "yandex_vpc_subnet.default"
          ]
        }
      ]
    },
    {
      "mode": "managed",
      "type": "yandex_compute_instance",
      "name": "node02",
      "provider": "provider[\"registry.terraform.io/yandex-cloud/yandex\"]",
      "instances": [
        {
          "schema_version": 1,
          "attributes": {
            "allow_recreate": null,
            "allow_stopping_for_update": true,
            "boot_disk": [
              {
                "auto_delete": true,
                "device_name": "fhm67kmf2ings62pa0i0",
                "disk_id": "fhm67kmf2ings62pa0i0",
                "initialize_params": [
                  {
                    "block_size": 4096,
                    "description": "",
                    "image_id": "fd83i289pb7qhj4ti37u",
                    "name": "root-node02",
                    "size": 10,
                    "snapshot_id": "",
                    "type": "network-ssd"
                  }
                ],
                "mode": "READ_WRITE"
              }
            ],
            "created_at": "2022-07-18T20:00:47Z",
            "description": "",
            "folder_id": "b1g62c4ktk6acafamug7",
            "fqdn": "node02.netology.yc",
            "hostname": "node02",
            "id": "fhmnlbibh1tms7dmmrni",
            "labels": null,
            "local_disk": [],
            "metadata": {
              "ssh-keys": "centos:ssh-rsa AAAAB3NzaC1yc2EAAAADAQABAAABAQDqkQW1senleQAhIgBZ12O7uPMdPh8y9ZC9PsFusMG+QFRTgBTh6aAJyW64Zm8exW0V1LpWBYWabuxcGELrFcdYXKksVgOcHRJjaabq3zvTPPlZuCtSwh98E5/ZratdKhyrMxa3K8g7vJGBLNA9vDsnQOjqGBdzx7H/Li9m2XyBhC/IzY0Zr3ltVNmr2Nc0EYn8zfdKZhzyvEyf85PLg31ue4oVhoLdmKeswy3e7tvSJN/FG0Z0Nhtu15hiAZdfLF5+WOwcohsMeGqUbkNy05+h8UERSerjvqwLR6ukbIDdiZRqjrBJRIUyws5gP2+6UpgrE1/6ZNCYoAOs5dyu/IAz asexsela@gmail.com\n"
            },
            "name": "node02",
            "network_acceleration_type": "standard",
            "network_interface": [
              {
                "dns_record": [],
                "index": 0,
                "ip_address": "192.168.101.12",
                "ipv4": true,
                "ipv6": false,
                "ipv6_address": "",
                "ipv6_dns_record": [],
                "mac_address": "d0:0d:17:aa:e4:b8",
                "nat": true,
                "nat_dns_record": [],
                "nat_ip_address": "62.84.126.17",
                "nat_ip_version": "IPV4",
                "security_group_ids": [],
                "subnet_id": "e9bmnrm79shi3vpfm02k"
              }
            ],
            "placement_policy": [
              {
                "host_affinity_rules": [],
                "placement_group_id": ""
              }
            ],
            "platform_id": "standard-v1",
            "resources": [
              {
                "core_fraction": 100,
                "cores": 4,
                "gpus": 0,
                "memory": 8
              }
            ],
            "scheduling_policy": [
              {
                "preemptible": false
              }
            ],
            "secondary_disk": [],
            "service_account_id": "",
            "status": "running",
            "timeouts": null,
            "zone": "ru-central1-a"
          },
          "sensitive_attributes": [],
          "private": "eyJlMmJmYjczMC1lY2FhLTExZTYtOGY4OC0zNDM2M2JjN2M0YzAiOnsiY3JlYXRlIjozMDAwMDAwMDAwMDAsImRlbGV0ZSI6MzAwMDAwMDAwMDAwLCJ1cGRhdGUiOjMwMDAwMDAwMDAwMH0sInNjaGVtYV92ZXJzaW9uIjoiMSJ9",
          "dependencies": [
            "yandex_vpc_network.default",
            "yandex_vpc_subnet.default"
          ]
        }
      ]
    },
    {
      "mode": "managed",
      "type": "yandex_compute_instance",
      "name": "node03",
      "provider": "provider[\"registry.terraform.io/yandex-cloud/yandex\"]",
      "instances": [
        {
          "schema_version": 1,
          "attributes": {
            "allow_recreate": null,
            "allow_stopping_for_update": true,
            "boot_disk": [
              {
                "auto_delete": true,
                "device_name": "fhmf38s004s94n3aqlh9",
                "disk_id": "fhmf38s004s94n3aqlh9",
                "initialize_params": [
                  {
                    "block_size": 4096,
                    "description": "",
                    "image_id": "fd83i289pb7qhj4ti37u",
                    "name": "root-node03",
                    "size": 10,
                    "snapshot_id": "",
                    "type": "network-ssd"
                  }
                ],
                "mode": "READ_WRITE"
              }
            ],
            "created_at": "2022-07-18T20:00:47Z",
            "description": "",
            "folder_id": "b1g62c4ktk6acafamug7",
            "fqdn": "node03.netology.yc",
            "hostname": "node03",
            "id": "fhm1tkptm9vnmptllbhb",
            "labels": null,
            "local_disk": [],
            "metadata": {
              "ssh-keys": "centos:ssh-rsa AAAAB3NzaC1yc2EAAAADAQABAAABAQDqkQW1senleQAhIgBZ12O7uPMdPh8y9ZC9PsFusMG+QFRTgBTh6aAJyW64Zm8exW0V1LpWBYWabuxcGELrFcdYXKksVgOcHRJjaabq3zvTPPlZuCtSwh98E5/ZratdKhyrMxa3K8g7vJGBLNA9vDsnQOjqGBdzx7H/Li9m2XyBhC/IzY0Zr3ltVNmr2Nc0EYn8zfdKZhzyvEyf85PLg31ue4oVhoLdmKeswy3e7tvSJN/FG0Z0Nhtu15hiAZdfLF5+WOwcohsMeGqUbkNy05+h8UERSerjvqwLR6ukbIDdiZRqjrBJRIUyws5gP2+6UpgrE1/6ZNCYoAOs5dyu/IAz asexsela@gmail.com\n"
            },
            "name": "node03",
            "network_acceleration_type": "standard",
            "network_interface": [
              {
                "dns_record": [],
                "index": 0,
                "ip_address": "192.168.101.13",
                "ipv4": true,
                "ipv6": false,
                "ipv6_address": "",
                "ipv6_dns_record": [],
                "mac_address": "d0:0d:1e:d3:3d:b2",
                "nat": true,
                "nat_dns_record": [],
                "nat_ip_address": "62.84.113.111",
                "nat_ip_version": "IPV4",
                "security_group_ids": [],
                "subnet_id": "e9bmnrm79shi3vpfm02k"
              }
            ],
            "placement_policy": [
              {
                "host_affinity_rules": [],
                "placement_group_id": ""
              }
            ],
            "platform_id": "standard-v1",
            "resources": [
              {
                "core_fraction": 100,
                "cores": 4,
                "gpus": 0,
                "memory": 8
              }
            ],
            "scheduling_policy": [
              {
                "preemptible": false
              }
            ],
            "secondary_disk": [],
            "service_account_id": "",
            "status": "running",
            "timeouts": null,
            "zone": "ru-central1-a"
          },
          "sensitive_attributes": [],
          "private": "eyJlMmJmYjczMC1lY2FhLTExZTYtOGY4OC0zNDM2M2JjN2M0YzAiOnsiY3JlYXRlIjozMDAwMDAwMDAwMDAsImRlbGV0ZSI6MzAwMDAwMDAwMDAwLCJ1cGRhdGUiOjMwMDAwMDAwMDAwMH0sInNjaGVtYV92ZXJzaW9uIjoiMSJ9",
          "dependencies": [
            "yandex_vpc_network.default",
            "yandex_vpc_subnet.default"
          ]
        }
      ]
    },
    {
      "mode": "managed",
      "type": "yandex_compute_instance",
      "name": "node04",
      "provider": "provider[\"registry.terraform.io/yandex-cloud/yandex\"]",
      "instances": [
        {
          "schema_version": 1,
          "attributes": {
            "allow_recreate": null,
            "allow_stopping_for_update": true,
            "boot_disk": [
              {
                "auto_delete": true,
                "device_name": "fhmd3g2bqdb5bmtjitgs",
                "disk_id": "fhmd3g2bqdb5bmtjitgs",
                "initialize_params": [
                  {
                    "block_size": 4096,
                    "description": "",
                    "image_id": "fd83i289pb7qhj4ti37u",
                    "name": "root-node04",
                    "size": 40,
                    "snapshot_id": "",
                    "type": "network-ssd"
                  }
                ],
                "mode": "READ_WRITE"
              }
            ],
            "created_at": "2022-07-18T20:00:47Z",
            "description": "",
            "folder_id": "b1g62c4ktk6acafamug7",
            "fqdn": "node04.netology.yc",
            "hostname": "node04",
            "id": "fhm8ad98423g6set8f0h",
            "labels": null,
            "local_disk": [],
            "metadata": {
              "ssh-keys": "centos:ssh-rsa AAAAB3NzaC1yc2EAAAADAQABAAABAQDqkQW1senleQAhIgBZ12O7uPMdPh8y9ZC9PsFusMG+QFRTgBTh6aAJyW64Zm8exW0V1LpWBYWabuxcGELrFcdYXKksVgOcHRJjaabq3zvTPPlZuCtSwh98E5/ZratdKhyrMxa3K8g7vJGBLNA9vDsnQOjqGBdzx7H/Li9m2XyBhC/IzY0Zr3ltVNmr2Nc0EYn8zfdKZhzyvEyf85PLg31ue4oVhoLdmKeswy3e7tvSJN/FG0Z0Nhtu15hiAZdfLF5+WOwcohsMeGqUbkNy05+h8UERSerjvqwLR6ukbIDdiZRqjrBJRIUyws5gP2+6UpgrE1/6ZNCYoAOs5dyu/IAz asexsela@gmail.com\n"
            },
            "name": "node04",
            "network_acceleration_type": "standard",
            "network_interface": [
              {
                "dns_record": [],
                "index": 0,
                "ip_address": "192.168.101.14",
                "ipv4": true,
                "ipv6": false,
                "ipv6_address": "",
                "ipv6_dns_record": [],
                "mac_address": "d0:0d:85:35:28:20",
                "nat": true,
                "nat_dns_record": [],
                "nat_ip_address": "62.84.126.223",
                "nat_ip_version": "IPV4",
                "security_group_ids": [],
                "subnet_id": "e9bmnrm79shi3vpfm02k"
              }
            ],
            "placement_policy": [
              {
                "host_affinity_rules": [],
                "placement_group_id": ""
              }
            ],
            "platform_id": "standard-v1",
            "resources": [
              {
                "core_fraction": 100,
                "cores": 4,
                "gpus": 0,
                "memory": 8
              }
            ],
            "scheduling_policy": [
              {
                "preemptible": false
              }
            ],
            "secondary_disk": [],
            "service_account_id": "",
            "status": "running",
            "timeouts": null,
            "zone": "ru-central1-a"
          },
          "sensitive_attributes": [],
          "private": "eyJlMmJmYjczMC1lY2FhLTExZTYtOGY4OC0zNDM2M2JjN2M0YzAiOnsiY3JlYXRlIjozMDAwMDAwMDAwMDAsImRlbGV0ZSI6MzAwMDAwMDAwMDAwLCJ1cGRhdGUiOjMwMDAwMDAwMDAwMH0sInNjaGVtYV92ZXJzaW9uIjoiMSJ9",
          "dependencies": [
            "yandex_vpc_network.default",
            "yandex_vpc_subnet.default"
          ]
        }
      ]
    },
    {
      "mode": "managed",
      "type": "yandex_compute_instance",
      "name": "node05",
      "provider": "provider[\"registry.terraform.io/yandex-cloud/yandex\"]",
      "instances": [
        {
          "schema_version": 1,
          "attributes": {
            "allow_recreate": null,
            "allow_stopping_for_update": true,
            "boot_disk": [
              {
                "auto_delete": true,
                "device_name": "fhm52kr1c7pdk7j1v4r2",
                "disk_id": "fhm52kr1c7pdk7j1v4r2",
                "initialize_params": [
                  {
                    "block_size": 4096,
                    "description": "",
                    "image_id": "fd83i289pb7qhj4ti37u",
                    "name": "root-node05",
                    "size": 40,
                    "snapshot_id": "",
                    "type": "network-ssd"
                  }
                ],
                "mode": "READ_WRITE"
              }
            ],
            "created_at": "2022-07-18T20:00:47Z",
            "description": "",
            "folder_id": "b1g62c4ktk6acafamug7",
            "fqdn": "node05.netology.yc",
            "hostname": "node05",
            "id": "fhmad2iimm8rsbbmitpi",
            "labels": null,
            "local_disk": [],
            "metadata": {
              "ssh-keys": "centos:ssh-rsa AAAAB3NzaC1yc2EAAAADAQABAAABAQDqkQW1senleQAhIgBZ12O7uPMdPh8y9ZC9PsFusMG+QFRTgBTh6aAJyW64Zm8exW0V1LpWBYWabuxcGELrFcdYXKksVgOcHRJjaabq3zvTPPlZuCtSwh98E5/ZratdKhyrMxa3K8g7vJGBLNA9vDsnQOjqGBdzx7H/Li9m2XyBhC/IzY0Zr3ltVNmr2Nc0EYn8zfdKZhzyvEyf85PLg31ue4oVhoLdmKeswy3e7tvSJN/FG0Z0Nhtu15hiAZdfLF5+WOwcohsMeGqUbkNy05+h8UERSerjvqwLR6ukbIDdiZRqjrBJRIUyws5gP2+6UpgrE1/6ZNCYoAOs5dyu/IAz asexsela@gmail.com\n"
            },
            "name": "node05",
            "network_acceleration_type": "standard",
            "network_interface": [
              {
                "dns_record": [],
                "index": 0,
                "ip_address": "192.168.101.15",
                "ipv4": true,
                "ipv6": false,
                "ipv6_address": "",
                "ipv6_dns_record": [],
                "mac_address": "d0:0d:a6:8a:52:b5",
                "nat": true,
                "nat_dns_record": [],
                "nat_ip_address": "62.84.127.109",
                "nat_ip_version": "IPV4",
                "security_group_ids": [],
                "subnet_id": "e9bmnrm79shi3vpfm02k"
              }
            ],
            "placement_policy": [
              {
                "host_affinity_rules": [],
                "placement_group_id": ""
              }
            ],
            "platform_id": "standard-v1",
            "resources": [
              {
                "core_fraction": 100,
                "cores": 4,
                "gpus": 0,
                "memory": 8
              }
            ],
            "scheduling_policy": [
              {
                "preemptible": false
              }
            ],
            "secondary_disk": [],
            "service_account_id": "",
            "status": "running",
            "timeouts": null,
            "zone": "ru-central1-a"
          },
          "sensitive_attributes": [],
          "private": "eyJlMmJmYjczMC1lY2FhLTExZTYtOGY4OC0zNDM2M2JjN2M0YzAiOnsiY3JlYXRlIjozMDAwMDAwMDAwMDAsImRlbGV0ZSI6MzAwMDAwMDAwMDAwLCJ1cGRhdGUiOjMwMDAwMDAwMDAwMH0sInNjaGVtYV92ZXJzaW9uIjoiMSJ9",
          "dependencies": [
            "yandex_vpc_network.default",
            "yandex_vpc_subnet.default"
          ]
        }
      ]
    },
    {
      "mode": "managed",
      "type": "yandex_compute_instance",
      "name": "node06",
      "provider": "provider[\"registry.terraform.io/yandex-cloud/yandex\"]",
      "instances": [
        {
          "schema_version": 1,
          "attributes": {
            "allow_recreate": null,
            "allow_stopping_for_update": true,
            "boot_disk": [
              {
                "auto_delete": true,
                "device_name": "fhm5f4ds7titjnp1a3ql",
                "disk_id": "fhm5f4ds7titjnp1a3ql",
                "initialize_params": [
                  {
                    "block_size": 4096,
                    "description": "",
                    "image_id": "fd83i289pb7qhj4ti37u",
                    "name": "root-node06",
                    "size": 40,
                    "snapshot_id": "",
                    "type": "network-ssd"
                  }
                ],
                "mode": "READ_WRITE"
              }
            ],
            "created_at": "2022-07-18T20:00:47Z",
            "description": "",
            "folder_id": "b1g62c4ktk6acafamug7",
            "fqdn": "node06.netology.yc",
            "hostname": "node06",
            "id": "fhmtc4o1isvunnu0qh22",
            "labels": null,
            "local_disk": [],
            "metadata": {
              "ssh-keys": "centos:ssh-rsa AAAAB3NzaC1yc2EAAAADAQABAAABAQDqkQW1senleQAhIgBZ12O7uPMdPh8y9ZC9PsFusMG+QFRTgBTh6aAJyW64Zm8exW0V1LpWBYWabuxcGELrFcdYXKksVgOcHRJjaabq3zvTPPlZuCtSwh98E5/ZratdKhyrMxa3K8g7vJGBLNA9vDsnQOjqGBdzx7H/Li9m2XyBhC/IzY0Zr3ltVNmr2Nc0EYn8zfdKZhzyvEyf85PLg31ue4oVhoLdmKeswy3e7tvSJN/FG0Z0Nhtu15hiAZdfLF5+WOwcohsMeGqUbkNy05+h8UERSerjvqwLR6ukbIDdiZRqjrBJRIUyws5gP2+6UpgrE1/6ZNCYoAOs5dyu/IAz asexsela@gmail.com\n"
            },
            "name": "node06",
            "network_acceleration_type": "standard",
            "network_interface": [
              {
                "dns_record": [],
                "index": 0,
                "ip_address": "192.168.101.16",
                "ipv4": true,
                "ipv6": false,
                "ipv6_address": "",
                "ipv6_dns_record": [],
                "mac_address": "d0:0d:1d:61:30:19",
                "nat": true,
                "nat_dns_record": [],
                "nat_ip_address": "51.250.93.203",
                "nat_ip_version": "IPV4",
                "security_group_ids": [],
                "subnet_id": "e9bmnrm79shi3vpfm02k"
              }
            ],
            "placement_policy": [
              {
                "host_affinity_rules": [],
                "placement_group_id": ""
              }
            ],
            "platform_id": "standard-v1",
            "resources": [
              {
                "core_fraction": 100,
                "cores": 4,
                "gpus": 0,
                "memory": 8
              }
            ],
            "scheduling_policy": [
              {
                "preemptible": false
              }
            ],
            "secondary_disk": [],
            "service_account_id": "",
            "status": "running",
            "timeouts": null,
            "zone": "ru-central1-a"
          },
          "sensitive_attributes": [],
          "private": "eyJlMmJmYjczMC1lY2FhLTExZTYtOGY4OC0zNDM2M2JjN2M0YzAiOnsiY3JlYXRlIjozMDAwMDAwMDAwMDAsImRlbGV0ZSI6MzAwMDAwMDAwMDAwLCJ1cGRhdGUiOjMwMDAwMDAwMDAwMH0sInNjaGVtYV92ZXJzaW9uIjoiMSJ9",
          "dependencies": [
            "yandex_vpc_network.default",
            "yandex_vpc_subnet.default"
          ]
        }
      ]
    },
    {
      "mode": "managed",
      "type": "yandex_vpc_network",
      "name": "default",
      "provider": "provider[\"registry.terraform.io/yandex-cloud/yandex\"]",
      "instances": [
        {
          "schema_version": 0,
          "attributes": {
            "created_at": "2022-07-18T20:00:39Z",
            "default_security_group_id": "",
            "description": "",
            "folder_id": "b1g62c4ktk6acafamug7",
            "id": "enpi0r1m9nmb6ofrh0cf",
            "labels": {},
            "name": "net",
            "subnet_ids": [],
            "timeouts": null
          },
          "sensitive_attributes": [],
          "private": "eyJlMmJmYjczMC1lY2FhLTExZTYtOGY4OC0zNDM2M2JjN2M0YzAiOnsiY3JlYXRlIjo2MDAwMDAwMDAwMCwiZGVsZXRlIjo2MDAwMDAwMDAwMCwidXBkYXRlIjo2MDAwMDAwMDAwMH19"
        }
      ]
    },
    {
      "mode": "managed",
      "type": "yandex_vpc_subnet",
      "name": "default",
      "provider": "provider[\"registry.terraform.io/yandex-cloud/yandex\"]",
      "instances": [
        {
          "schema_version": 0,
          "attributes": {
            "created_at": "2022-07-18T20:00:43Z",
            "description": "",
            "dhcp_options": [],
            "folder_id": "b1g62c4ktk6acafamug7",
            "id": "e9bmnrm79shi3vpfm02k",
            "labels": {},
            "name": "subnet",
            "network_id": "enpi0r1m9nmb6ofrh0cf",
            "route_table_id": "",
            "timeouts": null,
            "v4_cidr_blocks": [
              "192.168.101.0/24"
            ],
            "v6_cidr_blocks": [],
            "zone": "ru-central1-a"
          },
          "sensitive_attributes": [],
          "private": "eyJlMmJmYjczMC1lY2FhLTExZTYtOGY4OC0zNDM2M2JjN2M0YzAiOnsiY3JlYXRlIjoxODAwMDAwMDAwMDAsImRlbGV0ZSI6MTgwMDAwMDAwMDAwLCJ1cGRhdGUiOjE4MDAwMDAwMDAwMH19",
          "dependencies": [
            "yandex_vpc_network.default"
          ]
        }
      ]
    }
  ]
}
